
Microsoft Visual Studio Solution File, Format Version 12.00
# Visual Studio 15
VisualStudioVersion = 15.0.27428.2043
MinimumVisualStudioVersion = 10.0.40219.1
Project("{FAE04EC0-301F-11D3-BF4B-00C04F79EFBC}") = "OpenWealth", "src\OpenWealth\OpenWealth.csproj", "{8448E681-5714-4660-B63B-9E64B2DB4C23}"
EndProject
Project("{FAE04EC0-301F-11D3-BF4B-00C04F79EFBC}") = "OpenWealth.Models", "src\OpenWealth.Models\OpenWealth.Models.csproj", "{B8D18F25-F379-4B87-ACCC-F8A17E0AED38}"
EndProject
Global
    GlobalSection(SolutionConfigurationPlatforms) = preSolution
        Debug|Any CPU = Debug|Any CPU
        Release|Any CPU = Release|Any CPU
    EndGlobalSection
    GlobalSection(ProjectConfigurationPlatforms) = postSolution
        {8448E681-5714-4660-B63B-9E64B2DB4C23}.Debug|Any CPU.ActiveCfg = Debug|Any CPU
        {8448E681-5714-4660-B63B-9E64B2DB4C23}.Debug|Any CPU.Build.0 = Debug|Any CPU
        {8448E681-5714-4660-B63B-9E64B2DB4C23}.Release|Any CPU.ActiveCfg = Release|Any CPU
        {8448E681-5714-4660-B63B-9E64B2DB4C23}.Release|Any CPU.Build.0 = Release|Any CPU
        {B8D18F25-F379-4B87-ACCC-F8A17E0AED38}.Debug|Any CPU.ActiveCfg = Debug|Any CPU
        {B8D18F25-F379-4B87-ACCC-F8A17E0AED38}.Debug|Any CPU.Build.0 = Debug|Any CPU
        {B8D18F25-F379-4B87-ACCC-F8A17E0AED38}.Release|Any CPU.ActiveCfg = Release|Any CPU
        {B8D18F25-F379-4B87-ACCC-F8A17E0AED38}.Release|Any CPU.Build.0 = Release|Any CPU
    EndGlobalSection
    GlobalSection(SolutionProperties) = preSolution
        HideSolutionNode = FALSE
    EndGlobalSection
EndGlobal
